Microsoft Visual Studio Solution File, Format Version 12.00
# Visual Studio 15
VisualStudioVersion = 15.0.27703.2042
MinimumVisualStudioVersion = 10.0.40219.1
Project("{FAE04EC0-301F-11D3-BF4B-00C04F79EFBC}") = "AgoraMobileStandardNet", "AgoraMobileStandardNet\AgoraMobileStandardNet.csproj", "{FC4A057C-60A2-4627-A4D9-BDD23A142755}"
EndProject
Project("{FAE04EC0-301F-11D3-BF4B-00C04F79EFBC}") = "AgoraMobileStandardNet.iOS", "iOS\AgoraMobileStandardNet.iOS.csproj", "{BD4AD3C9-5ADD-443C-807F-305A3639EBF7}"
EndProject
Project("{FAE04EC0-301F-11D3-BF4B-00C04F79EFBC}") = "AgoraMobileStandardNet.Droid", "Droid\AgoraMobileStandardNet.Droid.csproj", "{93DDF2B0-C56E-438F-8BDC-75575E5EF148}"
EndProject
Global
	GlobalSection(SolutionConfigurationPlatforms) = preSolution
		Debug|Any CPU = Debug|Any CPU
		Debug|iPhone = Debug|iPhone
		Debug|iPhoneSimulator = Debug|iPhoneSimulator
		Release|Any CPU = Release|Any CPU
		Release|iPhone = Release|iPhone
		Release|iPhoneSimulator = Release|iPhoneSimulator
	EndGlobalSection
	GlobalSection(ProjectConfigurationPlatforms) = postSolution
		{FC4A057C-60A2-4627-A4D9-BDD23A142755}.Debug|Any CPU.ActiveCfg = Debug|Any CPU
		{FC4A057C-60A2-4627-A4D9-BDD23A142755}.Debug|Any CPU.Build.0 = Debug|Any CPU
		{FC4A057C-60A2-4627-A4D9-BDD23A142755}.Debug|iPhone.ActiveCfg = Debug|Any CPU
		{FC4A057C-60A2-4627-A4D9-BDD23A142755}.Debug|iPhone.Build.0 = Debug|Any CPU
		{FC4A057C-60A2-4627-A4D9-BDD23A142755}.Debug|iPhoneSimulator.ActiveCfg = Debug|Any CPU
		{FC4A057C-60A2-4627-A4D9-BDD23A142755}.Debug|iPhoneSimulator.Build.0 = Debug|Any CPU
		{FC4A057C-60A2-4627-A4D9-BDD23A142755}.Release|Any CPU.ActiveCfg = Release|Any CPU
		{FC4A057C-60A2-4627-A4D9-BDD23A142755}.Release|Any CPU.Build.0 = Release|Any CPU
		{FC4A057C-60A2-4627-A4D9-BDD23A142755}.Release|iPhone.ActiveCfg = Release|Any CPU
		{FC4A057C-60A2-4627-A4D9-BDD23A142755}.Release|iPhone.Build.0 = Release|Any CPU
		{FC4A057C-60A2-4627-A4D9-BDD23A142755}.Release|iPhoneSimulator.ActiveCfg = Release|Any CPU
		{FC4A057C-60A2-4627-A4D9-BDD23A142755}.Release|iPhoneSimulator.Build.0 = Release|Any CPU
		{BD4AD3C9-5ADD-443C-807F-305A3639EBF7}.Debug|Any CPU.ActiveCfg = Debug|iPhoneSimulator
		{BD4AD3C9-5ADD-443C-807F-305A3639EBF7}.Debug|Any CPU.Build.0 = Debug|iPhoneSimulator
		{BD4AD3C9-5ADD-443C-807F-305A3639EBF7}.Debug|iPhone.ActiveCfg = Debug|iPhone
		{BD4AD3C9-5ADD-443C-807F-305A3639EBF7}.Debug|iPhone.Build.0 = Debug|iPhone
		{BD4AD3C9-5ADD-443C-807F-305A3639EBF7}.Debug|iPhoneSimulator.ActiveCfg = Debug|iPhoneSimulator
		{BD4AD3C9-5ADD-443C-807F-305A3639EBF7}.Debug|iPhoneSimulator.Build.0 = Debug|iPhoneSimulator
		{BD4AD3C9-5ADD-443C-807F-305A3639EBF7}.Release|Any CPU.ActiveCfg = Release|iPhone
		{BD4AD3C9-5ADD-443C-807F-305A3639EBF7}.Release|Any CPU.Build.0 = Release|iPhone
		{BD4AD3C9-5ADD-443C-807F-305A3639EBF7}.Release|iPhone.ActiveCfg = Release|iPhone
		{BD4AD3C9-5ADD-443C-807F-305A3639EBF7}.Release|iPhone.Build.0 = Release|iPhone
		{BD4AD3C9-5ADD-443C-807F-305A3639EBF7}.Release|iPhoneSimulator.ActiveCfg = Release|iPhoneSimulator
		{BD4AD3C9-5ADD-443C-807F-305A3639EBF7}.Release|iPhoneSimulator.Build.0 = Release|iPhoneSimulator
		{93DDF2B0-C56E-438F-8BDC-75575E5EF148}.Debug|Any CPU.ActiveCfg = Debug|Any CPU
		{93DDF2B0-C56E-438F-8BDC-75575E5EF148}.Debug|Any CPU.Build.0 = Debug|Any CPU
		{93DDF2B0-C56E-438F-8BDC-75575E5EF148}.Debug|Any CPU.Deploy.0 = Debug|Any CPU
		{93DDF2B0-C56E-438F-8BDC-75575E5EF148}.Debug|iPhone.ActiveCfg = Debug|Any CPU
		{93DDF2B0-C56E-438F-8BDC-75575E5EF148}.Debug|iPhone.Build.0 = Debug|Any CPU
		{93DDF2B0-C56E-438F-8BDC-75575E5EF148}.Debug|iPhoneSimulator.ActiveCfg = Debug|Any CPU
		{93DDF2B0-C56E-438F-8BDC-75575E5EF148}.Debug|iPhoneSimulator.Build.0 = Debug|Any CPU
		{93DDF2B0-C56E-438F-8BDC-75575E5EF148}.Release|Any CPU.ActiveCfg = Release|Any CPU
		{93DDF2B0-C56E-438F-8BDC-75575E5EF148}.Release|Any CPU.Build.0 = Release|Any CPU
		{93DDF2B0-C56E-438F-8BDC-75575E5EF148}.Release|iPhone.ActiveCfg = Release|Any CPU
		{93DDF2B0-C56E-438F-8BDC-75575E5EF148}.Release|iPhone.Build.0 = Release|Any CPU
		{93DDF2B0-C56E-438F-8BDC-75575E5EF148}.Release|iPhoneSimulator.ActiveCfg = Release|Any CPU
		{93DDF2B0-C56E-438F-8BDC-75575E5EF148}.Release|iPhoneSimulator.Build.0 = Release|Any CPU
	EndGlobalSection
	GlobalSection(SolutionProperties) = preSolution
		HideSolutionNode = FALSE
	EndGlobalSection
	GlobalSection(ExtensibilityGlobals) = postSolution
		SolutionGuid = {BAD1B21B-29C6-48A6-9932-6B8DA2BC4893}
	EndGlobalSection
EndGlobal
